// !$*UTF8*$!
{
 archiveVersion = 1; classes = {}; objectVersion = 56; objects = {
		1EA5D4BBE399057F637370AA = { isa = PBXFileReference; lastKnownFileType = sourcecode.swift; name = "ActionExecutor.swift"; path = "Sources/GlideMouse/Core/ActionExecutor.swift"; sourceTree = SOURCE_ROOT; };
		115B5C61C20591C0670B63DA = { isa = PBXBuildFile; fileRef = 1EA5D4BBE399057F637370AA; };
		01D4A426F1AA78EB83DCC230 = { isa = PBXFileReference; lastKnownFileType = sourcecode.swift; name = "AppModel.swift"; path = "Sources/GlideMouse/Core/AppModel.swift"; sourceTree = SOURCE_ROOT; };
		C37B3A620CF9D687285397CC = { isa = PBXBuildFile; fileRef = 01D4A426F1AA78EB83DCC230; };
		5DC54B66F5398FB8F158BA12 = { isa = PBXFileReference; lastKnownFileType = sourcecode.swift; name = "AppResources.swift"; path = "Sources/GlideMouse/Core/AppResources.swift"; sourceTree = SOURCE_ROOT; };
		85C68A2A538F0210CC808AD4 = { isa = PBXBuildFile; fileRef = 5DC54B66F5398FB8F158BA12; };
		0AA040AD3C2446508287B0E7 = { isa = PBXFileReference; lastKnownFileType = sourcecode.swift; name = "Devices.swift"; path = "Sources/GlideMouse/Core/Devices.swift"; sourceTree = SOURCE_ROOT; };
		03370BBD468C29EC4C1D7594 = { isa = PBXBuildFile; fileRef = 0AA040AD3C2446508287B0E7; };
		3DDC7BC3D67A99145218B00C = { isa = PBXFileReference; lastKnownFileType = sourcecode.swift; name = "GuideScreenshotRenderer.swift"; path = "Sources/GlideMouse/Core/GuideScreenshotRenderer.swift"; sourceTree = SOURCE_ROOT; };
		37271A6F34939DEB6115ED7A = { isa = PBXBuildFile; fileRef = 3DDC7BC3D67A99145218B00C; };
		96C7125EAE0A4B98E26DD8AC = { isa = PBXFileReference; lastKnownFileType = sourcecode.swift; name = "InputRuntime.swift"; path = "Sources/GlideMouse/Core/InputRuntime.swift"; sourceTree = SOURCE_ROOT; };
		B9B25D0ADB50F33D5BB1F627 = { isa = PBXBuildFile; fileRef = 96C7125EAE0A4B98E26DD8AC; };
		9353A99F2457AE1EEA171E78 = { isa = PBXFileReference; lastKnownFileType = sourcecode.swift; name = "MenuIcon.swift"; path = "Sources/GlideMouse/Core/MenuIcon.swift"; sourceTree = SOURCE_ROOT; };
		29C15945A8AD9F01ABC9B9F9 = { isa = PBXBuildFile; fileRef = 9353A99F2457AE1EEA171E78; };
		574B00523EF1A4B916578429 = { isa = PBXFileReference; lastKnownFileType = sourcecode.swift; name = "PrimaryButtonHarness.swift"; path = "Sources/GlideMouse/Core/PrimaryButtonHarness.swift"; sourceTree = SOURCE_ROOT; };
		56745CCE9F198B5DEF9C9CB4 = { isa = PBXBuildFile; fileRef = 574B00523EF1A4B916578429; };
		4290B08154B35AFBA07A4F05 = { isa = PBXFileReference; lastKnownFileType = sourcecode.swift; name = "TestHarness.swift"; path = "Sources/GlideMouse/Core/TestHarness.swift"; sourceTree = SOURCE_ROOT; };
		61702D8E964BC51A80948119 = { isa = PBXBuildFile; fileRef = 4290B08154B35AFBA07A4F05; };
		FD6CADC944DF9553D255EE6F = { isa = PBXFileReference; lastKnownFileType = sourcecode.swift; name = "UpdateController.swift"; path = "Sources/GlideMouse/Core/UpdateController.swift"; sourceTree = SOURCE_ROOT; };
		5AC8DAC83D11BC254A008442 = { isa = PBXBuildFile; fileRef = FD6CADC944DF9553D255EE6F; };
		6E91B403EBC3CC77B9935969 = { isa = PBXFileReference; lastKnownFileType = sourcecode.swift; name = "ActionMappingList.swift"; path = "Sources/GlideMouse/Features/ActionMappingList.swift"; sourceTree = SOURCE_ROOT; };
		E41D1DC5DA8E590F975FE9C3 = { isa = PBXBuildFile; fileRef = 6E91B403EBC3CC77B9935969; };
		07A1848321DE8FFEF0A5B0AA = { isa = PBXFileReference; lastKnownFileType = sourcecode.swift; name = "MagicMousePage.swift"; path = "Sources/GlideMouse/Features/MagicMousePage.swift"; sourceTree = SOURCE_ROOT; };
		EF0F40057DBE75E3B3908B77 = { isa = PBXBuildFile; fileRef = 07A1848321DE8FFEF0A5B0AA; };
		DCBF00D521816500383C30E7 = { isa = PBXFileReference; lastKnownFileType = sourcecode.swift; name = "MappingEditor.swift"; path = "Sources/GlideMouse/Features/MappingEditor.swift"; sourceTree = SOURCE_ROOT; };
		E940DDC40DF0B228EE547DB3 = { isa = PBXBuildFile; fileRef = DCBF00D521816500383C30E7; };
		31A69AA5CC4C0D0C650B2166 = { isa = PBXFileReference; lastKnownFileType = sourcecode.swift; name = "MouseActionGuide.swift"; path = "Sources/GlideMouse/Features/MouseActionGuide.swift"; sourceTree = SOURCE_ROOT; };
		663CA5218856867DA29490F8 = { isa = PBXBuildFile; fileRef = 31A69AA5CC4C0D0C650B2166; };
		C7975B357ACD00D00A834944 = { isa = PBXFileReference; lastKnownFileType = sourcecode.swift; name = "MouseSetupWizard.swift"; path = "Sources/GlideMouse/Features/MouseSetupWizard.swift"; sourceTree = SOURCE_ROOT; };
		BFDC5C73493C940CA34F0714 = { isa = PBXBuildFile; fileRef = C7975B357ACD00D00A834944; };
		52B6CE8CBB8A7640AAAFCE1E = { isa = PBXFileReference; lastKnownFileType = sourcecode.swift; name = "PreferencesPages.swift"; path = "Sources/GlideMouse/Features/PreferencesPages.swift"; sourceTree = SOURCE_ROOT; };
		71AAF0946AB0C26DA0CBD9B5 = { isa = PBXBuildFile; fileRef = 52B6CE8CBB8A7640AAAFCE1E; };
		CD1685A982795E98558017F7 = { isa = PBXFileReference; lastKnownFileType = sourcecode.swift; name = "SettingsRoot.swift"; path = "Sources/GlideMouse/Features/SettingsRoot.swift"; sourceTree = SOURCE_ROOT; };
		DB0BAB1666A8A64818D7D1F4 = { isa = PBXBuildFile; fileRef = CD1685A982795E98558017F7; };
		BBB6D9EC4E69E0C7656E8DA5 = { isa = PBXFileReference; lastKnownFileType = sourcecode.swift; name = "SimpleMousePage.swift"; path = "Sources/GlideMouse/Features/SimpleMousePage.swift"; sourceTree = SOURCE_ROOT; };
		1E396B331E65D2B2469221B5 = { isa = PBXBuildFile; fileRef = BBB6D9EC4E69E0C7656E8DA5; };
		BEE1C3DDEE28B35E0367A53A = { isa = PBXFileReference; lastKnownFileType = sourcecode.swift; name = "GlideMouseApp.swift"; path = "Sources/GlideMouse/GlideMouseApp.swift"; sourceTree = SOURCE_ROOT; };
		5A0D3A403AFBF266871ADA02 = { isa = PBXBuildFile; fileRef = BEE1C3DDEE28B35E0367A53A; };
		F041E99285B37055F32ED9CB = { isa = PBXFileReference; lastKnownFileType = image.png; name = "AppIcon.png"; path = "Sources/GlideMouse/Resources/AppIcon.png"; sourceTree = SOURCE_ROOT; };
		7A76EE0E2C0C85634782D7DC = { isa = PBXBuildFile; fileRef = F041E99285B37055F32ED9CB; };
		E6D7BC4C9190E36B4951074C = { isa = PBXFileReference; lastKnownFileType = image.png; name = "MouseIllustration.png"; path = "Sources/GlideMouse/Resources/MouseIllustration.png"; sourceTree = SOURCE_ROOT; };
		FEFE8BF7AD5724E48C2604CB = { isa = PBXBuildFile; fileRef = E6D7BC4C9190E36B4951074C; };
		DF27D65E3B3A7B4104E6E25B = { isa = PBXFileReference; lastKnownFileType = image.png; name = "ButtonMouseGlyph-v1.png"; path = "Sources/GlideMouse/Resources/ButtonMouseGlyph-v1.png"; sourceTree = SOURCE_ROOT; };
		E639206B84B0D2F53E179D0E = { isa = PBXBuildFile; fileRef = DF27D65E3B3A7B4104E6E25B; };
		98E2447C195DD687083A8ED0 = { isa = PBXFileReference; lastKnownFileType = image.png; name = "TouchMouseGlyph-v1.png"; path = "Sources/GlideMouse/Resources/TouchMouseGlyph-v1.png"; sourceTree = SOURCE_ROOT; };
		5E35236B029D17094F4C174F = { isa = PBXBuildFile; fileRef = 98E2447C195DD687083A8ED0; };
		C3B045962041846A2D44C51A = { isa = PBXFileReference; lastKnownFileType = text.json.xcstrings; name = "Localizable.xcstrings"; path = "Sources/GlideMouse/Resources/Localizable.xcstrings"; sourceTree = SOURCE_ROOT; };
		4990E406407B3E5CE4653960 = { isa = PBXBuildFile; fileRef = C3B045962041846A2D44C51A; };
		4537AE3197AAB0F2E5ECD34A = { isa = PBXFileReference; lastKnownFileType = folder.assetcatalog; name = "Assets.xcassets"; path = "Assets/Assets.xcassets"; sourceTree = SOURCE_ROOT; };
		6E7660D01FAACEBAFE538B09 = { isa = PBXBuildFile; fileRef = 4537AE3197AAB0F2E5ECD34A; };
		F5DA63D3AD4701919D185DED = { isa = PBXFileReference; lastKnownFileType = folder; name = "MouseGuide"; path = "Sources/GlideMouse/Resources/MouseGuide"; sourceTree = SOURCE_ROOT; };
		7988466BDD23288F5D81D3E3 = { isa = PBXBuildFile; fileRef = F5DA63D3AD4701919D185DED; };
		A8792157CB4F27FB949C035F = { isa = PBXFileReference; explicitFileType = wrapper.application; path = GlideMouse.app; sourceTree = BUILT_PRODUCTS_DIR; };
		0A3E27B8CA818264D75C8D81 = { isa = PBXGroup; children = (A8792157CB4F27FB949C035F,); name = Products; sourceTree = "<group>"; };
		C8D2DC745BFC63C0D67231CE = { isa = PBXGroup; children = (1EA5D4BBE399057F637370AA,01D4A426F1AA78EB83DCC230,5DC54B66F5398FB8F158BA12,0AA040AD3C2446508287B0E7,3DDC7BC3D67A99145218B00C,96C7125EAE0A4B98E26DD8AC,9353A99F2457AE1EEA171E78,574B00523EF1A4B916578429,4290B08154B35AFBA07A4F05,FD6CADC944DF9553D255EE6F,6E91B403EBC3CC77B9935969,07A1848321DE8FFEF0A5B0AA,DCBF00D521816500383C30E7,31A69AA5CC4C0D0C650B2166,C7975B357ACD00D00A834944,52B6CE8CBB8A7640AAAFCE1E,CD1685A982795E98558017F7,BBB6D9EC4E69E0C7656E8DA5,BEE1C3DDEE28B35E0367A53A,F041E99285B37055F32ED9CB,E6D7BC4C9190E36B4951074C,DF27D65E3B3A7B4104E6E25B,98E2447C195DD687083A8ED0,C3B045962041846A2D44C51A,4537AE3197AAB0F2E5ECD34A,F5DA63D3AD4701919D185DED,0A3E27B8CA818264D75C8D81,); sourceTree = "<group>"; };
		AAA88E5F2E13CBF6727DD19B = { isa = XCLocalSwiftPackageReference; relativePath = "."; };
		11E1951406501CB60237D08A = { isa = XCRemoteSwiftPackageReference; repositoryURL = "https://github.com/sparkle-project/Sparkle"; requirement = { kind = exactVersion; version = 2.10.0; }; };
		5A6C551BF8BBECD163B45F7B = { isa = XCSwiftPackageProductDependency; package = AAA88E5F2E13CBF6727DD19B; productName = MouseCore; };
		8B0580A9A9E0F4B5B9A75B44 = { isa = PBXBuildFile; productRef = 5A6C551BF8BBECD163B45F7B; };
		C60514DB9444953845DBC861 = { isa = XCSwiftPackageProductDependency; package = AAA88E5F2E13CBF6727DD19B; productName = NativeBridge; };
		E3441E3460FCF0F9A48BC963 = { isa = PBXBuildFile; productRef = C60514DB9444953845DBC861; };
		8DA31D211BB198BF67B3487B = { isa = XCSwiftPackageProductDependency; package = 11E1951406501CB60237D08A; productName = Sparkle; };
		0182C1F2470AE33AD89F2F5C = { isa = PBXBuildFile; productRef = 8DA31D211BB198BF67B3487B; };
		783DEA71792BA78E27458A31 = { isa = PBXBuildFile; productRef = 8DA31D211BB198BF67B3487B; settings = { ATTRIBUTES = (CodeSignOnCopy, RemoveHeadersOnCopy,); }; };
		878A52FC5FF6A57D50B7B870 = { isa = PBXSourcesBuildPhase; buildActionMask = 2147483647; files = (115B5C61C20591C0670B63DA,C37B3A620CF9D687285397CC,85C68A2A538F0210CC808AD4,03370BBD468C29EC4C1D7594,37271A6F34939DEB6115ED7A,B9B25D0ADB50F33D5BB1F627,29C15945A8AD9F01ABC9B9F9,56745CCE9F198B5DEF9C9CB4,61702D8E964BC51A80948119,5AC8DAC83D11BC254A008442,E41D1DC5DA8E590F975FE9C3,EF0F40057DBE75E3B3908B77,E940DDC40DF0B228EE547DB3,663CA5218856867DA29490F8,BFDC5C73493C940CA34F0714,71AAF0946AB0C26DA0CBD9B5,DB0BAB1666A8A64818D7D1F4,1E396B331E65D2B2469221B5,5A0D3A403AFBF266871ADA02,); runOnlyForDeploymentPostprocessing = 0; };
		41D311A605520FC7B8B9A980 = { isa = PBXResourcesBuildPhase; buildActionMask = 2147483647; files = (7A76EE0E2C0C85634782D7DC,FEFE8BF7AD5724E48C2604CB,E639206B84B0D2F53E179D0E,5E35236B029D17094F4C174F,4990E406407B3E5CE4653960,6E7660D01FAACEBAFE538B09,7988466BDD23288F5D81D3E3,); runOnlyForDeploymentPostprocessing = 0; };
		E2AA269EB967A8853A258BFA = { isa = PBXFrameworksBuildPhase; buildActionMask = 2147483647; files = (8B0580A9A9E0F4B5B9A75B44,E3441E3460FCF0F9A48BC963,0182C1F2470AE33AD89F2F5C,); runOnlyForDeploymentPostprocessing = 0; };
		DD615B768CF8ACFE2ED53E52 = { isa = PBXCopyFilesBuildPhase; buildActionMask = 2147483647; dstPath = ""; dstSubfolderSpec = 10; files = (783DEA71792BA78E27458A31,); name = "Embed Frameworks"; runOnlyForDeploymentPostprocessing = 0; };
		73EBF6644258C120893E685D = { isa = XCBuildConfiguration; name = Debug; buildSettings = { MACOSX_DEPLOYMENT_TARGET = "14.0"; SDKROOT = "macosx"; SWIFT_VERSION = "6.0"; CLANG_ENABLE_MODULES = "YES"; SWIFT_OPTIMIZATION_LEVEL = "-Onone"; DEBUG_INFORMATION_FORMAT = "dwarf"; SWIFT_ACTIVE_COMPILATION_CONDITIONS = "DEBUG"; }; };
		0B0C687DF8B6B8DC790B519C = { isa = XCBuildConfiguration; name = Release; buildSettings = { MACOSX_DEPLOYMENT_TARGET = "14.0"; SDKROOT = "macosx"; SWIFT_VERSION = "6.0"; CLANG_ENABLE_MODULES = "YES"; SWIFT_OPTIMIZATION_LEVEL = "-O"; DEBUG_INFORMATION_FORMAT = "dwarf-with-dsym"; SWIFT_ACTIVE_COMPILATION_CONDITIONS = ""; }; };
		9879E227F5AD614B3D33074F = { isa = XCConfigurationList; buildConfigurations = (73EBF6644258C120893E685D,0B0C687DF8B6B8DC790B519C,); defaultConfigurationIsVisible = 0; defaultConfigurationName = Release; };
		B00CCDD09424E369308D67FA = { isa = XCBuildConfiguration; name = Debug; buildSettings = { PRODUCT_NAME = "GlideMouse"; PRODUCT_BUNDLE_IDENTIFIER = "app.glidemouse.desktop"; INFOPLIST_FILE = "Config/Info.plist"; CODE_SIGN_ENTITLEMENTS = "Config/GlideMouse.entitlements"; ENABLE_HARDENED_RUNTIME = "YES"; ENABLE_APP_SANDBOX = "NO"; CODE_SIGN_STYLE = "Automatic"; ASSETCATALOG_COMPILER_APPICON_NAME = "AppIcon"; LD_RUNPATH_SEARCH_PATHS = "$(inherited) @executable_path/../Frameworks"; COMBINE_HIDPI_IMAGES = "YES"; GENERATE_INFOPLIST_FILE = "NO"; SWIFT_EMIT_LOC_STRINGS = "NO"; SWIFT_OPTIMIZATION_LEVEL = "-Onone"; DEBUG_INFORMATION_FORMAT = "dwarf"; SWIFT_ACTIVE_COMPILATION_CONDITIONS = "DEBUG"; }; };
		1B104479E55E37CF8A63CBDF = { isa = XCBuildConfiguration; name = Release; buildSettings = { PRODUCT_NAME = "GlideMouse"; PRODUCT_BUNDLE_IDENTIFIER = "app.glidemouse.desktop"; INFOPLIST_FILE = "Config/Info.plist"; CODE_SIGN_ENTITLEMENTS = "Config/GlideMouse.entitlements"; ENABLE_HARDENED_RUNTIME = "YES"; ENABLE_APP_SANDBOX = "NO"; CODE_SIGN_STYLE = "Automatic"; ASSETCATALOG_COMPILER_APPICON_NAME = "AppIcon"; LD_RUNPATH_SEARCH_PATHS = "$(inherited) @executable_path/../Frameworks"; COMBINE_HIDPI_IMAGES = "YES"; GENERATE_INFOPLIST_FILE = "NO"; SWIFT_EMIT_LOC_STRINGS = "NO"; SWIFT_OPTIMIZATION_LEVEL = "-O"; DEBUG_INFORMATION_FORMAT = "dwarf-with-dsym"; SWIFT_ACTIVE_COMPILATION_CONDITIONS = ""; }; };
		61571F3444EB024BEA54E0A2 = { isa = XCConfigurationList; buildConfigurations = (B00CCDD09424E369308D67FA,1B104479E55E37CF8A63CBDF,); defaultConfigurationIsVisible = 0; defaultConfigurationName = Release; };
		34A04005BCAF206EEC990BD9 = { isa = PBXNativeTarget; buildConfigurationList = 61571F3444EB024BEA54E0A2; buildPhases = (878A52FC5FF6A57D50B7B870,E2AA269EB967A8853A258BFA,41D311A605520FC7B8B9A980,); buildRules = (); dependencies = (); name = GlideMouse; packageProductDependencies = (5A6C551BF8BBECD163B45F7B,C60514DB9444953845DBC861,8DA31D211BB198BF67B3487B,); productName = GlideMouse; productReference = A8792157CB4F27FB949C035F; productType = "com.apple.product-type.application"; };
		244210E48437B6556980A702 = { isa = PBXProject; attributes = { LastUpgradeCheck = 2700; }; buildConfigurationList = 9879E227F5AD614B3D33074F; compatibilityVersion = "Xcode 14.0"; developmentRegion = en; hasScannedForEncodings = 0; knownRegions = (en, my, "zh-Hans", Base,); mainGroup = C8D2DC745BFC63C0D67231CE; packageReferences = (AAA88E5F2E13CBF6727DD19B,11E1951406501CB60237D08A,); productRefGroup = 0A3E27B8CA818264D75C8D81; projectDirPath = ""; projectRoot = ""; targets = (34A04005BCAF206EEC990BD9,); };
 }; rootObject = 244210E48437B6556980A702;
}
